
Microsoft Visual Studio Solution File, Format Version 12.00
# Visual Studio 2012
Project("{8BC9CEB8-8B4A-11D0-8D11-00A0C91BC942}") = "8", "8\8.vcxproj", "{E0EBDC96-E268-40B2-9E21-9EE19D5165EA}"
EndProject
Global
	GlobalSection(SolutionConfigurationPlatforms) = preSolution
		Debug|Win32 = Debug|Win32
		Release|Win32 = Release|Win32
	EndGlobalSection
	GlobalSection(ProjectConfigurationPlatforms) = postSolution
		{E0EBDC96-E268-40B2-9E21-9EE19D5165EA}.Debug|Win32.ActiveCfg = Debug|Win32
		{E0EBDC96-E268-40B2-9E21-9EE19D5165EA}.Debug|Win32.Build.0 = Debug|Win32
		{E0EBDC96-E268-40B2-9E21-9EE19D5165EA}.Release|Win32.ActiveCfg = Release|Win32
		{E0EBDC96-E268-40B2-9E21-9EE19D5165EA}.Release|Win32.Build.0 = Release|Win32
	EndGlobalSection
	GlobalSection(SolutionProperties) = preSolution
		HideSolutionNode = FALSE
	EndGlobalSection
EndGlobal
